
Microsoft Visual Studio Solution File, Format Version 12.00
# Visual Studio Version 17
VisualStudioVersion = 17.11.35222.181
MinimumVisualStudioVersion = 10.0.40219.1
Project("{FAE04EC0-301F-11D3-BF4B-00C04F79EFBC}") = "Приклад 1", "Приклад 1.csproj", "{ACF04766-BE56-4D0B-98D0-2107CFB8BCF6}"
EndProject
Global
	GlobalSection(SolutionConfigurationPlatforms) = preSolution
		Debug|Any CPU = Debug|Any CPU
		Release|Any CPU = Release|Any CPU
	EndGlobalSection
	GlobalSection(ProjectConfigurationPlatforms) = postSolution
		{ACF04766-BE56-4D0B-98D0-2107CFB8BCF6}.Debug|Any CPU.ActiveCfg = Debug|Any CPU
		{ACF04766-BE56-4D0B-98D0-2107CFB8BCF6}.Debug|Any CPU.Build.0 = Debug|Any CPU
		{ACF04766-BE56-4D0B-98D0-2107CFB8BCF6}.Release|Any CPU.ActiveCfg = Release|Any CPU
		{ACF04766-BE56-4D0B-98D0-2107CFB8BCF6}.Release|Any CPU.Build.0 = Release|Any CPU
	EndGlobalSection
	GlobalSection(SolutionProperties) = preSolution
		HideSolutionNode = FALSE
	EndGlobalSection
	GlobalSection(ExtensibilityGlobals) = postSolution
		SolutionGuid = {D5ED9B0A-4564-494B-AEC6-E4BADE19FB93}
	EndGlobalSection
EndGlobal
