
Microsoft Visual Studio Solution File, Format Version 12.00
# Visual Studio Version 17
VisualStudioVersion = 17.11.35222.181
MinimumVisualStudioVersion = 10.0.40219.1
Project("{FAE04EC0-301F-11D3-BF4B-00C04F79EFBC}") = "Приклад 2", "Приклад 2.csproj", "{06B5FEE8-4DA5-4C48-89B7-96D471F935C6}"
EndProject
Global
	GlobalSection(SolutionConfigurationPlatforms) = preSolution
		Debug|Any CPU = Debug|Any CPU
		Release|Any CPU = Release|Any CPU
	EndGlobalSection
	GlobalSection(ProjectConfigurationPlatforms) = postSolution
		{06B5FEE8-4DA5-4C48-89B7-96D471F935C6}.Debug|Any CPU.ActiveCfg = Debug|Any CPU
		{06B5FEE8-4DA5-4C48-89B7-96D471F935C6}.Debug|Any CPU.Build.0 = Debug|Any CPU
		{06B5FEE8-4DA5-4C48-89B7-96D471F935C6}.Release|Any CPU.ActiveCfg = Release|Any CPU
		{06B5FEE8-4DA5-4C48-89B7-96D471F935C6}.Release|Any CPU.Build.0 = Release|Any CPU
	EndGlobalSection
	GlobalSection(SolutionProperties) = preSolution
		HideSolutionNode = FALSE
	EndGlobalSection
	GlobalSection(ExtensibilityGlobals) = postSolution
		SolutionGuid = {0C5D9A68-3D8B-442A-BC47-6C9B19640EE3}
	EndGlobalSection
EndGlobal
